
Microsoft Visual Studio Solution File, Format Version 12.00
# Visual Studio Version 16
VisualStudioVersion = 16.0.32106.194
MinimumVisualStudioVersion = 10.0.40219.1
Project("{8BC9CEB8-8B4A-11D0-8D11-00A0C91BC942}") = "Tutorial01", "Tutorial01\Tutorial01.vcxproj", "{46EC7263-066C-4AFA-A7D3-D36C8263207E}"
EndProject
Project("{8BC9CEB8-8B4A-11D0-8D11-00A0C91BC942}") = "Tutorial02", "Tutorial02\Tutorial02.vcxproj", "{49E395A4-5C04-4E18-895D-89C00FF41D5B}"
EndProject
Project("{8BC9CEB8-8B4A-11D0-8D11-00A0C91BC942}") = "Tutorial03", "Tutorial03\Tutorial03.vcxproj", "{EFC85005-4230-4D2C-9880-9629189749C1}"
EndProject
Project("{8BC9CEB8-8B4A-11D0-8D11-00A0C91BC942}") = "Tutorial04", "Tutorial04\Tutorial04.vcxproj", "{B3C39E71-37A3-416B-9D38-F481EE80DBB9}"
EndProject
Global
	GlobalSection(SolutionConfigurationPlatforms) = preSolution
		Debug|ARM = Debug|ARM
		Debug|ARM64 = Debug|ARM64
		Debug|x64 = Debug|x64
		Debug|x86 = Debug|x86
		Release|ARM = Release|ARM
		Release|ARM64 = Release|ARM64
		Release|x64 = Release|x64
		Release|x86 = Release|x86
	EndGlobalSection
	GlobalSection(ProjectConfigurationPlatforms) = postSolution
		{46EC7263-066C-4AFA-A7D3-D36C8263207E}.Debug|ARM.ActiveCfg = Debug|ARM
		{46EC7263-066C-4AFA-A7D3-D36C8263207E}.Debug|ARM.Build.0 = Debug|ARM
		{46EC7263-066C-4AFA-A7D3-D36C8263207E}.Debug|ARM.Deploy.0 = Debug|ARM
		{46EC7263-066C-4AFA-A7D3-D36C8263207E}.Debug|ARM64.ActiveCfg = Debug|ARM64
		{46EC7263-066C-4AFA-A7D3-D36C8263207E}.Debug|ARM64.Build.0 = Debug|ARM64
		{46EC7263-066C-4AFA-A7D3-D36C8263207E}.Debug|ARM64.Deploy.0 = Debug|ARM64
		{46EC7263-066C-4AFA-A7D3-D36C8263207E}.Debug|x64.ActiveCfg = Debug|x64
		{46EC7263-066C-4AFA-A7D3-D36C8263207E}.Debug|x64.Build.0 = Debug|x64
		{46EC7263-066C-4AFA-A7D3-D36C8263207E}.Debug|x64.Deploy.0 = Debug|x64
		{46EC7263-066C-4AFA-A7D3-D36C8263207E}.Debug|x86.ActiveCfg = Debug|x86
		{46EC7263-066C-4AFA-A7D3-D36C8263207E}.Debug|x86.Build.0 = Debug|x86
		{46EC7263-066C-4AFA-A7D3-D36C8263207E}.Debug|x86.Deploy.0 = Debug|x86
		{46EC7263-066C-4AFA-A7D3-D36C8263207E}.Release|ARM.ActiveCfg = Release|ARM
		{46EC7263-066C-4AFA-A7D3-D36C8263207E}.Release|ARM.Build.0 = Release|ARM
		{46EC7263-066C-4AFA-A7D3-D36C8263207E}.Release|ARM.Deploy.0 = Release|ARM
		{46EC7263-066C-4AFA-A7D3-D36C8263207E}.Release|ARM64.ActiveCfg = Release|ARM64
		{46EC7263-066C-4AFA-A7D3-D36C8263207E}.Release|ARM64.Build.0 = Release|ARM64
		{46EC7263-066C-4AFA-A7D3-D36C8263207E}.Release|ARM64.Deploy.0 = Release|ARM64
		{46EC7263-066C-4AFA-A7D3-D36C8263207E}.Release|x64.ActiveCfg = Release|x64
		{46EC7263-066C-4AFA-A7D3-D36C8263207E}.Release|x64.Build.0 = Release|x64
		{46EC7263-066C-4AFA-A7D3-D36C8263207E}.Release|x64.Deploy.0 = Release|x64
		{46EC7263-066C-4AFA-A7D3-D36C8263207E}.Release|x86.ActiveCfg = Release|x86
		{46EC7263-066C-4AFA-A7D3-D36C8263207E}.Release|x86.Build.0 = Release|x86
		{46EC7263-066C-4AFA-A7D3-D36C8263207E}.Release|x86.Deploy.0 = Release|x86
		{49E395A4-5C04-4E18-895D-89C00FF41D5B}.Debug|ARM.ActiveCfg = Debug|ARM
		{49E395A4-5C04-4E18-895D-89C00FF41D5B}.Debug|ARM.Build.0 = Debug|ARM
		{49E395A4-5C04-4E18-895D-89C00FF41D5B}.Debug|ARM.Deploy.0 = Debug|ARM
		{49E395A4-5C04-4E18-895D-89C00FF41D5B}.Debug|ARM64.ActiveCfg = Debug|ARM64
		{49E395A4-5C04-4E18-895D-89C00FF41D5B}.Debug|ARM64.Build.0 = Debug|ARM64
		{49E395A4-5C04-4E18-895D-89C00FF41D5B}.Debug|ARM64.Deploy.0 = Debug|ARM64
		{49E395A4-5C04-4E18-895D-89C00FF41D5B}.Debug|x64.ActiveCfg = Debug|x64
		{49E395A4-5C04-4E18-895D-89C00FF41D5B}.Debug|x64.Build.0 = Debug|x64
		{49E395A4-5C04-4E18-895D-89C00FF41D5B}.Debug|x64.Deploy.0 = Debug|x64
		{49E395A4-5C04-4E18-895D-89C00FF41D5B}.Debug|x86.ActiveCfg = Debug|x86
		{49E395A4-5C04-4E18-895D-89C00FF41D5B}.Debug|x86.Build.0 = Debug|x86
		{49E395A4-5C04-4E18-895D-89C00FF41D5B}.Debug|x86.Deploy.0 = Debug|x86
		{49E395A4-5C04-4E18-895D-89C00FF41D5B}.Release|ARM.ActiveCfg = Release|ARM
		{49E395A4-5C04-4E18-895D-89C00FF41D5B}.Release|ARM.Build.0 = Release|ARM
		{49E395A4-5C04-4E18-895D-89C00FF41D5B}.Release|ARM.Deploy.0 = Release|ARM
		{49E395A4-5C04-4E18-895D-89C00FF41D5B}.Release|ARM64.ActiveCfg = Release|ARM64
		{49E395A4-5C04-4E18-895D-89C00FF41D5B}.Release|ARM64.Build.0 = Release|ARM64
		{49E395A4-5C04-4E18-895D-89C00FF41D5B}.Release|ARM64.Deploy.0 = Release|ARM64
		{49E395A4-5C04-4E18-895D-89C00FF41D5B}.Release|x64.ActiveCfg = Release|x64
		{49E395A4-5C04-4E18-895D-89C00FF41D5B}.Release|x64.Build.0 = Release|x64
		{49E395A4-5C04-4E18-895D-89C00FF41D5B}.Release|x64.Deploy.0 = Release|x64
		{49E395A4-5C04-4E18-895D-89C00FF41D5B}.Release|x86.ActiveCfg = Release|x86
		{49E395A4-5C04-4E18-895D-89C00FF41D5B}.Release|x86.Build.0 = Release|x86
		{49E395A4-5C04-4E18-895D-89C00FF41D5B}.Release|x86.Deploy.0 = Release|x86
		{EFC85005-4230-4D2C-9880-9629189749C1}.Debug|ARM.ActiveCfg = Debug|ARM
		{EFC85005-4230-4D2C-9880-9629189749C1}.Debug|ARM.Build.0 = Debug|ARM
		{EFC85005-4230-4D2C-9880-9629189749C1}.Debug|ARM.Deploy.0 = Debug|ARM
		{EFC85005-4230-4D2C-9880-9629189749C1}.Debug|ARM64.ActiveCfg = Debug|ARM64
		{EFC85005-4230-4D2C-9880-9629189749C1}.Debug|ARM64.Build.0 = Debug|ARM64
		{EFC85005-4230-4D2C-9880-9629189749C1}.Debug|ARM64.Deploy.0 = Debug|ARM64
		{EFC85005-4230-4D2C-9880-9629189749C1}.Debug|x64.ActiveCfg = Debug|x64
		{EFC85005-4230-4D2C-9880-9629189749C1}.Debug|x64.Build.0 = Debug|x64
		{EFC85005-4230-4D2C-9880-9629189749C1}.Debug|x64.Deploy.0 = Debug|x64
		{EFC85005-4230-4D2C-9880-9629189749C1}.Debug|x86.ActiveCfg = Debug|x86
		{EFC85005-4230-4D2C-9880-9629189749C1}.Debug|x86.Build.0 = Debug|x86
		{EFC85005-4230-4D2C-9880-9629189749C1}.Debug|x86.Deploy.0 = Debug|x86
		{EFC85005-4230-4D2C-9880-9629189749C1}.Release|ARM.ActiveCfg = Release|ARM
		{EFC85005-4230-4D2C-9880-9629189749C1}.Release|ARM.Build.0 = Release|ARM
		{EFC85005-4230-4D2C-9880-9629189749C1}.Release|ARM.Deploy.0 = Release|ARM
		{EFC85005-4230-4D2C-9880-9629189749C1}.Release|ARM64.ActiveCfg = Release|ARM64
		{EFC85005-4230-4D2C-9880-9629189749C1}.Release|ARM64.Build.0 = Release|ARM64
		{EFC85005-4230-4D2C-9880-9629189749C1}.Release|ARM64.Deploy.0 = Release|ARM64
		{EFC85005-4230-4D2C-9880-9629189749C1}.Release|x64.ActiveCfg = Release|x64
		{EFC85005-4230-4D2C-9880-9629189749C1}.Release|x64.Build.0 = Release|x64
		{EFC85005-4230-4D2C-9880-9629189749C1}.Release|x64.Deploy.0 = Release|x64
		{EFC85005-4230-4D2C-9880-9629189749C1}.Release|x86.ActiveCfg = Release|x86
		{EFC85005-4230-4D2C-9880-9629189749C1}.Release|x86.Build.0 = Release|x86
		{EFC85005-4230-4D2C-9880-9629189749C1}.Release|x86.Deploy.0 = Release|x86
		{B3C39E71-37A3-416B-9D38-F481EE80DBB9}.Debug|ARM.ActiveCfg = Debug|ARM
		{B3C39E71-37A3-416B-9D38-F481EE80DBB9}.Debug|ARM.Build.0 = Debug|ARM
		{B3C39E71-37A3-416B-9D38-F481EE80DBB9}.Debug|ARM.Deploy.0 = Debug|ARM
		{B3C39E71-37A3-416B-9D38-F481EE80DBB9}.Debug|ARM64.ActiveCfg = Debug|ARM64
		{B3C39E71-37A3-416B-9D38-F481EE80DBB9}.Debug|ARM64.Build.0 = Debug|ARM64
		{B3C39E71-37A3-416B-9D38-F481EE80DBB9}.Debug|ARM64.Deploy.0 = Debug|ARM64
		{B3C39E71-37A3-416B-9D38-F481EE80DBB9}.Debug|x64.ActiveCfg = Debug|x64
		{B3C39E71-37A3-416B-9D38-F481EE80DBB9}.Debug|x64.Build.0 = Debug|x64
		{B3C39E71-37A3-416B-9D38-F481EE80DBB9}.Debug|x64.Deploy.0 = Debug|x64
		{B3C39E71-37A3-416B-9D38-F481EE80DBB9}.Debug|x86.ActiveCfg = Debug|x86
		{B3C39E71-37A3-416B-9D38-F481EE80DBB9}.Debug|x86.Build.0 = Debug|x86
		{B3C39E71-37A3-416B-9D38-F481EE80DBB9}.Debug|x86.Deploy.0 = Debug|x86
		{B3C39E71-37A3-416B-9D38-F481EE80DBB9}.Release|ARM.ActiveCfg = Release|ARM
		{B3C39E71-37A3-416B-9D38-F481EE80DBB9}.Release|ARM.Build.0 = Release|ARM
		{B3C39E71-37A3-416B-9D38-F481EE80DBB9}.Release|ARM.Deploy.0 = Release|ARM
		{B3C39E71-37A3-416B-9D38-F481EE80DBB9}.Release|ARM64.ActiveCfg = Release|ARM64
		{B3C39E71-37A3-416B-9D38-F481EE80DBB9}.Release|ARM64.Build.0 = Release|ARM64
		{B3C39E71-37A3-416B-9D38-F481EE80DBB9}.Release|ARM64.Deploy.0 = Release|ARM64
		{B3C39E71-37A3-416B-9D38-F481EE80DBB9}.Release|x64.ActiveCfg = Release|x64
		{B3C39E71-37A3-416B-9D38-F481EE80DBB9}.Release|x64.Build.0 = Release|x64
		{B3C39E71-37A3-416B-9D38-F481EE80DBB9}.Release|x64.Deploy.0 = Release|x64
		{B3C39E71-37A3-416B-9D38-F481EE80DBB9}.Release|x86.ActiveCfg = Release|x86
		{B3C39E71-37A3-416B-9D38-F481EE80DBB9}.Release|x86.Build.0 = Release|x86
		{B3C39E71-37A3-416B-9D38-F481EE80DBB9}.Release|x86.Deploy.0 = Release|x86
	EndGlobalSection
	GlobalSection(SolutionProperties) = preSolution
		HideSolutionNode = FALSE
	EndGlobalSection
	GlobalSection(ExtensibilityGlobals) = postSolution
		SolutionGuid = {4F4031E3-519D-489F-93BB-702BEB0314D8}
	EndGlobalSection
EndGlobal
